
Microsoft Visual Studio Solution File, Format Version 12.00
# Visual Studio Version 16
VisualStudioVersion = 16.0.29509.3
MinimumVisualStudioVersion = 10.0.40219.1
Project("{FAE04EC0-301F-11D3-BF4B-00C04F79EFBC}") = "ListviewClickHeaderIssue.SampleApp", "ListviewClickHeaderIssue.SampleApp\ListviewClickHeaderIssue.SampleApp.csproj", "{F05C8E19-97C9-474D-ACFD-B782F4866C19}"
EndProject
Project("{FAE04EC0-301F-11D3-BF4B-00C04F79EFBC}") = "ListviewClickHeaderIssue.Tests", "ListviewClickHeaderIssue.Tests\ListviewClickHeaderIssue.Tests.csproj", "{49EF5B8B-3342-4FC4-80BB-70FF9C5723BA}"
EndProject
Global
	GlobalSection(SolutionConfigurationPlatforms) = preSolution
		Debug|Any CPU = Debug|Any CPU
		Release|Any CPU = Release|Any CPU
	EndGlobalSection
	GlobalSection(ProjectConfigurationPlatforms) = postSolution
		{F05C8E19-97C9-474D-ACFD-B782F4866C19}.Debug|Any CPU.ActiveCfg = Debug|Any CPU
		{F05C8E19-97C9-474D-ACFD-B782F4866C19}.Debug|Any CPU.Build.0 = Debug|Any CPU
		{F05C8E19-97C9-474D-ACFD-B782F4866C19}.Release|Any CPU.ActiveCfg = Release|Any CPU
		{F05C8E19-97C9-474D-ACFD-B782F4866C19}.Release|Any CPU.Build.0 = Release|Any CPU
		{49EF5B8B-3342-4FC4-80BB-70FF9C5723BA}.Debug|Any CPU.ActiveCfg = Debug|Any CPU
		{49EF5B8B-3342-4FC4-80BB-70FF9C5723BA}.Debug|Any CPU.Build.0 = Debug|Any CPU
		{49EF5B8B-3342-4FC4-80BB-70FF9C5723BA}.Release|Any CPU.ActiveCfg = Release|Any CPU
		{49EF5B8B-3342-4FC4-80BB-70FF9C5723BA}.Release|Any CPU.Build.0 = Release|Any CPU
	EndGlobalSection
	GlobalSection(SolutionProperties) = preSolution
		HideSolutionNode = FALSE
	EndGlobalSection
	GlobalSection(ExtensibilityGlobals) = postSolution
		SolutionGuid = {2B18D369-0A96-44D4-B028-4100D3ECFA10}
	EndGlobalSection
EndGlobal
